<?xml version="1.0" encoding="utf-8"?>
<Project ToolsVersion="4.0" xmlns="http://schemas.microsoft.com/developer/msbuild/2003">
  <ItemGroup>
    <Filter Include="src">
      <UniqueIdentifier>{2e1fd182-52eb-49f2-8fc0-1c445fe52bee}</UniqueIdentifier>
    </Filter>
    <Filter Include="include">
      <UniqueIdentifier>{d701aeb0-595a-4db8-bdfd-6a7126f9ab76}</UniqueIdentifier>
    </Filter>
  </ItemGroup>
  <ItemGroup>
    <ClCompile Include="src\main.cpp">
      <Filter>src</Filter>
    </ClCompile>
    <ClCompile Include="src\World.cpp">
      <Filter>src</Filter>
    </ClCompile>
    <ClCompile Include="src\InputManager.cpp">
      <Filter>src</Filter>
    </ClCompile>
    <ClCompile Include="src\Presenter.cpp">
      <Filter>src</Filter>
    </ClCompile>
    <ClCompile Include="src\Button.cpp">
      <Filter>src</Filter>
    </ClCompile>
    <ClCompile Include="src\Engine.cpp">
      <Filter>src</Filter>
    </ClCompile>
    <ClCompile Include="src\Game.cpp">
      <Filter>src</Filter>
    </ClCompile>
    <ClCompile Include="src\Grid.cpp">
      <Filter>src</Filter>
    </ClCompile>
    <ClCompile Include="src\Menu.cpp">
      <Filter>src</Filter>
    </ClCompile>
    <ClCompile Include="src\SoundManager.cpp">
      <Filter>src</Filter>
    </ClCompile>
    <ClCompile Include="src\State.cpp">
      <Filter>src</Filter>
    </ClCompile>
    <ClCompile Include="src\StateManager.cpp">
      <Filter>src</Filter>
    </ClCompile>
    <ClCompile Include="src\TitleScreen.cpp">
      <Filter>src</Filter>
    </ClCompile>
    <ClCompile Include="src\Validator.cpp">
      <Filter>src</Filter>
    </ClCompile>
    <ClCompile Include="src\WinScreen.cpp">
      <Filter>src</Filter>
    </ClCompile>
    <ClCompile Include="src\ConfigManager.cpp">
      <Filter>src</Filter>
    </ClCompile>
    <ClCompile Include="src\Card.cpp">
      <Filter>src</Filter>
    </ClCompile>
    <ClCompile Include="src\Pawn.cpp">
      <Filter>src</Filter>
    </ClCompile>
  </ItemGroup>
  <ItemGroup>
    <ClInclude Include="include\World.h">
      <Filter>include</Filter>
    </ClInclude>
    <ClInclude Include="include\defines.h">
      <Filter>include</Filter>
    </ClInclude>
    <ClInclude Include="include\InputManager.h">
      <Filter>include</Filter>
    </ClInclude>
    <ClInclude Include="include\Presenter.h">
      <Filter>include</Filter>
    </ClInclude>
    <ClInclude Include="include\Button.h">
      <Filter>include</Filter>
    </ClInclude>
    <ClInclude Include="include\Engine.h">
      <Filter>include</Filter>
    </ClInclude>
    <ClInclude Include="include\Game.h">
      <Filter>include</Filter>
    </ClInclude>
    <ClInclude Include="include\Grid.h">
      <Filter>include</Filter>
    </ClInclude>
    <ClInclude Include="include\Menu.h">
      <Filter>include</Filter>
    </ClInclude>
    <ClInclude Include="include\SoundManager.h">
      <Filter>include</Filter>
    </ClInclude>
    <ClInclude Include="include\State.h">
      <Filter>include</Filter>
    </ClInclude>
    <ClInclude Include="include\StateManager.h">
      <Filter>include</Filter>
    </ClInclude>
    <ClInclude Include="include\TitleScreen.h">
      <Filter>include</Filter>
    </ClInclude>
    <ClInclude Include="include\Validator.h">
      <Filter>include</Filter>
    </ClInclude>
    <ClInclude Include="include\WinScreen.h">
      <Filter>include</Filter>
    </ClInclude>
    <ClInclude Include="include\ConfigManager.h">
      <Filter>include</Filter>
    </ClInclude>
    <ClInclude Include="include\Card.h">
      <Filter>include</Filter>
    </ClInclude>
    <ClInclude Include="include\Pawn.h">
      <Filter>include</Filter>
    </ClInclude>
  </ItemGroup>
</Project>